
Microsoft Visual Studio Solution File, Format Version 12.00
# Visual Studio 15
VisualStudioVersion = 15.0.28010.2019
MinimumVisualStudioVersion = 10.0.40219.1
Project("{8BC9CEB8-8B4A-11D0-8D11-00A0C91BC942}") = "03_Queue", "03_Queue\03_Queue.vcxproj", "{5EE7E0C8-95E0-4767-84A0-F3631E89DB8D}"
EndProject
Global
	GlobalSection(SolutionConfigurationPlatforms) = preSolution
		Debug|x64 = Debug|x64
		Debug|x86 = Debug|x86
		Release|x64 = Release|x64
		Release|x86 = Release|x86
	EndGlobalSection
	GlobalSection(ProjectConfigurationPlatforms) = postSolution
		{5EE7E0C8-95E0-4767-84A0-F3631E89DB8D}.Debug|x64.ActiveCfg = Debug|x64
		{5EE7E0C8-95E0-4767-84A0-F3631E89DB8D}.Debug|x64.Build.0 = Debug|x64
		{5EE7E0C8-95E0-4767-84A0-F3631E89DB8D}.Debug|x86.ActiveCfg = Debug|Win32
		{5EE7E0C8-95E0-4767-84A0-F3631E89DB8D}.Debug|x86.Build.0 = Debug|Win32
		{5EE7E0C8-95E0-4767-84A0-F3631E89DB8D}.Release|x64.ActiveCfg = Release|x64
		{5EE7E0C8-95E0-4767-84A0-F3631E89DB8D}.Release|x64.Build.0 = Release|x64
		{5EE7E0C8-95E0-4767-84A0-F3631E89DB8D}.Release|x86.ActiveCfg = Release|Win32
		{5EE7E0C8-95E0-4767-84A0-F3631E89DB8D}.Release|x86.Build.0 = Release|Win32
	EndGlobalSection
	GlobalSection(SolutionProperties) = preSolution
		HideSolutionNode = FALSE
	EndGlobalSection
	GlobalSection(ExtensibilityGlobals) = postSolution
		SolutionGuid = {0F0A4E4B-03E2-4D9A-90AE-AAD29105F3D2}
	EndGlobalSection
EndGlobal
